
Microsoft Visual Studio Solution File, Format Version 12.00
# Visual Studio Version 17
VisualStudioVersion = 17.4.33110.190
MinimumVisualStudioVersion = 10.0.40219.1
Project("{FAE04EC0-301F-11D3-BF4B-00C04F79EFBC}") = "TrabalhoEsta", "TrabalhoEsta\TrabalhoEsta.csproj", "{7F630A8B-17C7-4E1E-AD0E-33D0D6AE8244}"
EndProject
Global
	GlobalSection(SolutionConfigurationPlatforms) = preSolution
		Debug|Any CPU = Debug|Any CPU
		Release|Any CPU = Release|Any CPU
	EndGlobalSection
	GlobalSection(ProjectConfigurationPlatforms) = postSolution
		{7F630A8B-17C7-4E1E-AD0E-33D0D6AE8244}.Debug|Any CPU.ActiveCfg = Debug|Any CPU
		{7F630A8B-17C7-4E1E-AD0E-33D0D6AE8244}.Debug|Any CPU.Build.0 = Debug|Any CPU
		{7F630A8B-17C7-4E1E-AD0E-33D0D6AE8244}.Release|Any CPU.ActiveCfg = Release|Any CPU
		{7F630A8B-17C7-4E1E-AD0E-33D0D6AE8244}.Release|Any CPU.Build.0 = Release|Any CPU
	EndGlobalSection
	GlobalSection(SolutionProperties) = preSolution
		HideSolutionNode = FALSE
	EndGlobalSection
	GlobalSection(ExtensibilityGlobals) = postSolution
		SolutionGuid = {1862A80E-A7AD-499E-8DC8-8308505072B5}
	EndGlobalSection
EndGlobal
